<?xml version="1.0" encoding="utf-8"?>
<Project ToolsVersion="4.0" xmlns="http://schemas.microsoft.com/developer/msbuild/2003">
  <ItemGroup>
    <Filter Include="Client">
      <UniqueIdentifier>{d2cd5e39-1da4-4087-888a-472c9a316388}</UniqueIdentifier>
    </Filter>
    <Filter Include="Main">
      <UniqueIdentifier>{d34088c1-72fc-45fb-8093-a124d0834fb2}</UniqueIdentifier>
    </Filter>
    <Filter Include="pch">
      <UniqueIdentifier>{79249e8d-63bf-45d5-8fe8-3efb6a3493f3}</UniqueIdentifier>
    </Filter>
    <Filter Include="Client\Scene">
      <UniqueIdentifier>{2b35123f-8814-4a6c-b931-6ebd42129bda}</UniqueIdentifier>
    </Filter>
    <Filter Include="Client\Scene\TestObj">
      <UniqueIdentifier>{b7ba875d-5234-481e-b4dd-d50fd7d62763}</UniqueIdentifier>
    </Filter>
  </ItemGroup>
  <ItemGroup>
    <ClInclude Include="Client.h">
      <Filter>Client</Filter>
    </ClInclude>
    <ClInclude Include="pch.h">
      <Filter>pch</Filter>
    </ClInclude>
    <ClInclude Include="framework.h">
      <Filter>pch</Filter>
    </ClInclude>
    <ClInclude Include="TestScene.h">
      <Filter>Client\Scene</Filter>
    </ClInclude>
    <ClInclude Include="TestObj.h">
      <Filter>Client\Scene\TestObj</Filter>
    </ClInclude>
  </ItemGroup>
  <ItemGroup>
    <ClCompile Include="Client.cpp">
      <Filter>Client</Filter>
    </ClCompile>
    <ClCompile Include="pch.cpp">
      <Filter>pch</Filter>
    </ClCompile>
    <ClCompile Include="4th_Project.cpp">
      <Filter>Main</Filter>
    </ClCompile>
    <ClCompile Include="TestScene.cpp">
      <Filter>Client\Scene</Filter>
    </ClCompile>
    <ClCompile Include="TestObj.cpp">
      <Filter>Client\Scene\TestObj</Filter>
    </ClCompile>
  </ItemGroup>
</Project>