<?xml version="1.0" encoding="utf-8"?>
<Project ToolsVersion="4.0" xmlns="http://schemas.microsoft.com/developer/msbuild/2003">
  <ItemGroup>
    <Filter Include="리소스 파일">
      <UniqueIdentifier>{67DA6AB6-F800-4c08-8B7A-83BB121AAD01}</UniqueIdentifier>
      <Extensions>rc;ico;cur;bmp;dlg;rc2;rct;bin;rgs;gif;jpg;jpeg;jpe;resx;tiff;tif;png;wav;mfcribbon-ms</Extensions>
    </Filter>
    <Filter Include="Client">
      <UniqueIdentifier>{d2cd5e39-1da4-4087-888a-472c9a316388}</UniqueIdentifier>
    </Filter>
    <Filter Include="Client\pch">
      <UniqueIdentifier>{79249e8d-63bf-45d5-8fe8-3efb6a3493f3}</UniqueIdentifier>
    </Filter>
    <Filter Include="Main">
      <UniqueIdentifier>{d34088c1-72fc-45fb-8093-a124d0834fb2}</UniqueIdentifier>
    </Filter>
  </ItemGroup>
  <ItemGroup>
    <ClInclude Include="Client.h">
      <Filter>Client</Filter>
    </ClInclude>
    <ClInclude Include="pch.h">
      <Filter>Client\pch</Filter>
    </ClInclude>
    <ClInclude Include="framework.h">
      <Filter>Client\pch</Filter>
    </ClInclude>
  </ItemGroup>
  <ItemGroup>
    <ClCompile Include="Client.cpp">
      <Filter>Client</Filter>
    </ClCompile>
    <ClCompile Include="pch.cpp">
      <Filter>Client\pch</Filter>
    </ClCompile>
    <ClCompile Include="4th_Project.cpp">
      <Filter>Main</Filter>
    </ClCompile>
  </ItemGroup>
</Project>