<?xml version="1.0" encoding="utf-8"?>
<Project ToolsVersion="4.0" xmlns="http://schemas.microsoft.com/developer/msbuild/2003">
  <ItemGroup>
    <Filter Include="pch">
      <UniqueIdentifier>{87545f9d-cb84-45f8-9539-8d582f28c070}</UniqueIdentifier>
    </Filter>
    <Filter Include="Script">
      <UniqueIdentifier>{b4e9889a-70c5-44fb-9724-2e9266b2da3f}</UniqueIdentifier>
    </Filter>
    <Filter Include="Obj">
      <UniqueIdentifier>{0fb4edb3-3323-4519-9b22-6de591e64206}</UniqueIdentifier>
    </Filter>
    <Filter Include="Obj\TestObj">
      <UniqueIdentifier>{b7ba875d-5234-481e-b4dd-d50fd7d62763}</UniqueIdentifier>
    </Filter>
    <Filter Include="Scene">
      <UniqueIdentifier>{2b35123f-8814-4a6c-b931-6ebd42129bda}</UniqueIdentifier>
    </Filter>
  </ItemGroup>
  <ItemGroup>
    <ClInclude Include="pch.h">
      <Filter>pch</Filter>
    </ClInclude>
    <ClInclude Include="framework.h">
      <Filter>pch</Filter>
    </ClInclude>
    <ClInclude Include="ClickFunc.h">
      <Filter>UI</Filter>
    </ClInclude>
    <ClInclude Include="MyGameManager.h" />
    <ClInclude Include="UIButton.h">
      <Filter>UI</Filter>
    </ClInclude>
    <ClInclude Include="TestObj.h">
      <Filter>Client\Character</Filter>
    </ClInclude>
    <ClInclude Include="TestObj2.h">
      <Filter>Client\Character</Filter>
    </ClInclude>
    <ClInclude Include="D3DObjScript.h">
      <Filter>Script</Filter>
    </ClInclude>
    <ClInclude Include="D3DBaseObj.h">
      <Filter>Obj</Filter>
    </ClInclude>
    <ClInclude Include="Client.h">
      <Filter>Client</Filter>
    </ClInclude>
    <ClInclude Include="TestScene.h">
      <Filter>Scene</Filter>
    </ClInclude>
    <ClInclude Include="TutorialScene.h">
      <Filter>Scene</Filter>
    </ClInclude>
    <ClInclude Include="LobbyScene.h">
      <Filter>Scene</Filter>
    </ClInclude>
    <ClInclude Include="TitleScene.h">
      <Filter>Scene</Filter>
    </ClInclude>
    <ClInclude Include="DialogScene1.h">
      <Filter>Scene</Filter>
    </ClInclude>
    <ClInclude Include="DialogScene2.h">
      <Filter>Scene</Filter>
    </ClInclude>
    <ClInclude Include="DialogScene3.h">
      <Filter>Scene</Filter>
    </ClInclude>
    <ClInclude Include="SceneHeaders.h">
      <Filter>Scene</Filter>
    </ClInclude>
    <ClInclude Include="D2DBaseObj.h">
      <Filter>Obj</Filter>
    </ClInclude>
    <ClInclude Include="D2DBitMapFontScript.h">
      <Filter>Script</Filter>
    </ClInclude>
    <ClInclude Include="ClickNextBimapScript.h">
      <Filter>Script</Filter>
    </ClInclude>
    <ClInclude Include="GambleButton.h">
      <Filter>UI</Filter>
    </ClInclude>
  </ItemGroup>
  <ItemGroup>
    <ClCompile Include="pch.cpp">
      <Filter>pch</Filter>
    </ClCompile>
    <ClCompile Include="ClickFunc.cpp">
      <Filter>UI</Filter>
    </ClCompile>
    <ClCompile Include="MyGameManager.cpp" />
    <ClCompile Include="UIButton.cpp">
      <Filter>UI</Filter>
    </ClCompile>
    <ClCompile Include="TestObj.cpp">
      <Filter>Client\Character</Filter>
    </ClCompile>
    <ClCompile Include="TestObj2.cpp">
      <Filter>Client\Character</Filter>
    </ClCompile>
    <ClCompile Include="D3DObjScript.cpp">
      <Filter>Script</Filter>
    </ClCompile>
    <ClCompile Include="D3DBaseObj.cpp">
      <Filter>Obj</Filter>
    </ClCompile>
    <ClCompile Include="TutorialScene.cpp">
      <Filter>Scene</Filter>
    </ClCompile>
    <ClCompile Include="LobbyScene.cpp">
      <Filter>Scene</Filter>
    </ClCompile>
    <ClCompile Include="TitleScene.cpp">
      <Filter>Scene</Filter>
    </ClCompile>
    <ClCompile Include="DialogScene1.cpp">
      <Filter>Scene</Filter>
    </ClCompile>
    <ClCompile Include="DialogScene2.cpp">
      <Filter>Scene</Filter>
    </ClCompile>
    <ClCompile Include="DialogScene3.cpp">
      <Filter>Scene</Filter>
    </ClCompile>
    <ClCompile Include="D2DBaseObj.cpp">
      <Filter>Obj</Filter>
    </ClCompile>
    <ClCompile Include="D2DBitMapFontScript.cpp">
      <Filter>Script</Filter>
    </ClCompile>
    <ClCompile Include="ClickNextBimapScript.cpp">
      <Filter>Script</Filter>
    </ClCompile>
    <ClCompile Include="GambleButton.cpp">
      <Filter>UI</Filter>
    </ClCompile>
  </ItemGroup>
  <ItemGroup>
    <Filter Include="Client">
      <UniqueIdentifier>{d2cd5e39-1da4-4087-888a-472c9a316388}</UniqueIdentifier>
    </Filter>
    <Filter Include="Main">
      <UniqueIdentifier>{d34088c1-72fc-45fb-8093-a124d0834fb2}</UniqueIdentifier>
    </Filter>
    <Filter Include="pch">
      <UniqueIdentifier>{79249e8d-63bf-45d5-8fe8-3efb6a3493f3}</UniqueIdentifier>
    </Filter>
    <Filter Include="UI">
      <UniqueIdentifier>{b8f0d884-cc04-4e24-8d31-dacbcce76e29}</UniqueIdentifier>
    </Filter>
    <Filter Include="Client\Character">
      <UniqueIdentifier>{434bbc13-a52d-40d6-9c06-b089ba52afc0}</UniqueIdentifier>
    </Filter>
    <Filter Include="Client\BlackJack">
      <UniqueIdentifier>{f0eaa47e-d37e-4132-ba6c-6d73b344cc56}</UniqueIdentifier>
    </Filter>
  </ItemGroup>
  <ItemGroup>
    <ClInclude Include="pch.h">
      <Filter>pch</Filter>
    </ClInclude>
    <ClInclude Include="framework.h">
      <Filter>pch</Filter>
    </ClInclude>
    <ClInclude Include="TestObj.h">
      <Filter>Obj\TestObj</Filter>
    </ClInclude>
    <ClInclude Include="TestObj2.h">
      <Filter>Obj\TestObj</Filter>
    </ClInclude>
    <ClInclude Include="Button.h">
      <Filter>UI</Filter>
    </ClInclude>
    <ClInclude Include="Dealer.h">
      <Filter>Client\Character</Filter>
    </ClInclude>
    <ClInclude Include="GambleScene.h">
      <Filter>Scene</Filter>
    </ClInclude>
    <ClInclude Include="Card.h">
      <Filter>Client\BlackJack</Filter>
    </ClInclude>
    <ClInclude Include="Deck.h">
      <Filter>Client\BlackJack</Filter>
    </ClInclude>
    <ClInclude Include="Player.h">
      <Filter>Client\Character</Filter>
    </ClInclude>
    <ClInclude Include="Hand.h">
      <Filter>Client\BlackJack</Filter>
    </ClInclude>
    <ClInclude Include="BlackJack.h">
      <Filter>Client\BlackJack</Filter>
    </ClInclude>
  </ItemGroup>
  <ItemGroup>
    <ClCompile Include="Client.cpp">
      <Filter>Client</Filter>
    </ClCompile>
    <ClCompile Include="pch.cpp">
      <Filter>pch</Filter>
    </ClCompile>
    <ClCompile Include="4th_Project.cpp">
      <Filter>Main</Filter>
    </ClCompile>
    <ClCompile Include="TestScene.cpp">
      <Filter>Scene</Filter>
    </ClCompile>
    <ClCompile Include="TestObj.cpp">
      <Filter>Obj\TestObj</Filter>
    </ClCompile>
    <ClCompile Include="TestObj2.cpp">
      <Filter>Obj\TestObj</Filter>
    </ClCompile>
    <ClCompile Include="GambleScene.cpp">
      <Filter>Scene</Filter>
    </ClCompile>
    <ClCompile Include="Button.cpp">
      <Filter>UI</Filter>
    </ClCompile>
    <ClCompile Include="Player.cpp">
      <Filter>Client\Character</Filter>
    </ClCompile>
    <ClCompile Include="Dealer.cpp">
      <Filter>Client\Character</Filter>
    </ClCompile>
    <ClCompile Include="Card.cpp">
      <Filter>Client\BlackJack</Filter>
    </ClCompile>
    <ClCompile Include="Deck.cpp">
      <Filter>Client\BlackJack</Filter>
    </ClCompile>
    <ClCompile Include="Hand.cpp">
      <Filter>Client\BlackJack</Filter>
    </ClCompile>
    <ClCompile Include="BlackJack.cpp">
      <Filter>Client\BlackJack</Filter>
    </ClCompile>
  </ItemGroup>
</Project>