<?xml version="1.0" encoding="utf-8"?>
<Project ToolsVersion="4.0" xmlns="http://schemas.microsoft.com/developer/msbuild/2003">
  <ItemGroup>
    <Filter Include="리소스 파일">
      <UniqueIdentifier>{67DA6AB6-F800-4c08-8B7A-83BB121AAD01}</UniqueIdentifier>
      <Extensions>rc;ico;cur;bmp;dlg;rc2;rct;bin;rgs;gif;jpg;jpeg;jpe;resx;tiff;tif;png;wav;mfcribbon-ms</Extensions>
    </Filter>
    <Filter Include="1_Engine">
      <UniqueIdentifier>{17eacf66-cb79-4ca8-b1f6-37388639b4f8}</UniqueIdentifier>
    </Filter>
    <Filter Include="2_System">
      <UniqueIdentifier>{5e9bfd0b-7d80-41df-a7e1-596bb6a82334}</UniqueIdentifier>
    </Filter>
    <Filter Include="2_System\Input">
      <UniqueIdentifier>{87ed90ea-395d-4562-9f5b-4cb3313d7d0e}</UniqueIdentifier>
    </Filter>
    <Filter Include="99_ClassDiagram">
      <UniqueIdentifier>{14f17d26-715b-44d8-bad9-492f44410cd4}</UniqueIdentifier>
    </Filter>
    <Filter Include="2_System\Time">
      <UniqueIdentifier>{19c8583c-7b9e-435e-b89c-98ad821d678e}</UniqueIdentifier>
    </Filter>
    <Filter Include="pch">
      <UniqueIdentifier>{87545f9d-cb84-45f8-9539-8d582f28c070}</UniqueIdentifier>
    </Filter>
    <Filter Include="리소스 파일\Header">
      <UniqueIdentifier>{2f6ed2e1-c461-418b-ae34-5523a85363f4}</UniqueIdentifier>
    </Filter>
    <Filter Include="1_Engine\Scene">
      <UniqueIdentifier>{01d666e5-3dad-4a3f-92e5-ae7d52776c38}</UniqueIdentifier>
    </Filter>
    <Filter Include="1_Engine\Factory">
      <UniqueIdentifier>{d619fd5d-14ca-4b59-859a-42b6b936ba06}</UniqueIdentifier>
    </Filter>
    <Filter Include="0_Utility">
      <UniqueIdentifier>{8b2102bf-9ac7-48f9-a425-f72ab939ec75}</UniqueIdentifier>
    </Filter>
    <Filter Include="0_Utility\Window">
      <UniqueIdentifier>{933bf859-895a-4538-9f92-197aaee8fc95}</UniqueIdentifier>
    </Filter>
    <Filter Include="0_Utility\UtilityHeader">
      <UniqueIdentifier>{6f8ea7c2-2c06-483b-976d-e07e48fdcaaa}</UniqueIdentifier>
    </Filter>
    <Filter Include="0_Utility\MyImGui">
      <UniqueIdentifier>{7bb80b5c-adc3-40f2-be95-3775cdb0758e}</UniqueIdentifier>
    </Filter>
    <Filter Include="0_Utility\MyImGui\View">
      <UniqueIdentifier>{8c7e37d1-f83a-445f-89d4-89fc20af8adb}</UniqueIdentifier>
    </Filter>
    <Filter Include="0_Utility\MyImGui\BaseClass">
      <UniqueIdentifier>{1f1dcbf3-9e53-47cf-8eb2-bef0cf9522e7}</UniqueIdentifier>
    </Filter>
    <Filter Include="0_Utility\MyImGui\Editor">
      <UniqueIdentifier>{7a5f7204-ff02-481c-adbe-f365d09d03f6}</UniqueIdentifier>
    </Filter>
    <Filter Include="3_Graphics">
      <UniqueIdentifier>{e65d0abc-173f-4022-b78d-e024e33fee4b}</UniqueIdentifier>
    </Filter>
    <Filter Include="3_Graphics\D3D">
      <UniqueIdentifier>{b8a5eb42-186e-4014-80f5-a2585011fbd0}</UniqueIdentifier>
    </Filter>
    <Filter Include="3_Graphics\D2D">
      <UniqueIdentifier>{5489dde0-1e10-4aaf-a897-9e2bb5f674fc}</UniqueIdentifier>
    </Filter>
    <Filter Include="3_Graphics\Render">
      <UniqueIdentifier>{af08f62b-90bf-4d26-b956-9dbc504ed9d9}</UniqueIdentifier>
    </Filter>
    <Filter Include="3_Graphics\GraphicsData">
      <UniqueIdentifier>{7ebbcdf7-a848-48f8-8023-ad32e6e36651}</UniqueIdentifier>
    </Filter>
    <Filter Include="3_Graphics\GraphicsData\Buffer">
      <UniqueIdentifier>{038e7324-0f1a-4f7d-b2bc-c3c7811f185e}</UniqueIdentifier>
    </Filter>
    <Filter Include="3_Graphics\GraphicsData\Shader">
      <UniqueIdentifier>{f20e94f4-7f9b-4b41-accc-980a67a00848}</UniqueIdentifier>
    </Filter>
    <Filter Include="3_Graphics\GraphicsData\SkyBox">
      <UniqueIdentifier>{94ecda06-3b3b-4c4d-a77f-0e3cdf6b95a8}</UniqueIdentifier>
    </Filter>
    <Filter Include="3_Graphics\GraphicsData\Viewport">
      <UniqueIdentifier>{6a18cacc-eb2f-4dbd-aaff-8ed74a50e00f}</UniqueIdentifier>
    </Filter>
    <Filter Include="4_Resources">
      <UniqueIdentifier>{826cf9b3-6119-4823-9c0e-dc5158657305}</UniqueIdentifier>
    </Filter>
    <Filter Include="4_Resources\FBX">
      <UniqueIdentifier>{7ca5d70d-a7d5-41f4-bc2b-74136f9bf1ba}</UniqueIdentifier>
    </Filter>
    <Filter Include="4_Resources\SceneLoader">
      <UniqueIdentifier>{383be747-6873-475b-a24e-4cd610a61fa8}</UniqueIdentifier>
    </Filter>
    <Filter Include="4_Resources\ResourceData">
      <UniqueIdentifier>{f652a164-998d-47fa-9cd0-5acf19fa51f6}</UniqueIdentifier>
    </Filter>
    <Filter Include="4_Resources\ResourceData\Node">
      <UniqueIdentifier>{70554e4b-1ac8-4a71-b4fa-374401e51f4b}</UniqueIdentifier>
    </Filter>
    <Filter Include="4_Resources\ResourceData\Texture">
      <UniqueIdentifier>{fa534847-4219-4f67-9ac1-7c88d09c57a8}</UniqueIdentifier>
    </Filter>
    <Filter Include="4_Resources\ResourceData\Animation">
      <UniqueIdentifier>{f0c46f20-629d-44e1-aade-0966d234aa21}</UniqueIdentifier>
    </Filter>
    <Filter Include="4_Resources\ResourceData\Mesh">
      <UniqueIdentifier>{ee2ce6a2-fbd4-4c34-b3a5-88b330292871}</UniqueIdentifier>
    </Filter>
    <Filter Include="3_Graphics\GraphicsData\InputLayout">
      <UniqueIdentifier>{2e045491-af44-466d-ba8e-8520ba265832}</UniqueIdentifier>
    </Filter>
    <Filter Include="5_Object">
      <UniqueIdentifier>{9acb12fc-5b25-43a4-bfdb-12c1c71d7192}</UniqueIdentifier>
    </Filter>
    <Filter Include="5_Object\Component">
      <UniqueIdentifier>{237fdf5d-8894-4607-afc0-430b509860d5}</UniqueIdentifier>
    </Filter>
    <Filter Include="5_Object\Component\CameraCompoent">
      <UniqueIdentifier>{079e488a-73f8-43eb-9bd5-58b2b8346e5f}</UniqueIdentifier>
    </Filter>
    <Filter Include="5_Object\Component\TransformComponet">
      <UniqueIdentifier>{a7193f69-120c-4923-9993-55eae6f08afb}</UniqueIdentifier>
    </Filter>
    <Filter Include="5_Object\Component\RenderComponent">
      <UniqueIdentifier>{697cd2c6-acb7-4fbe-8d89-386ec958a596}</UniqueIdentifier>
    </Filter>
    <Filter Include="5_Object\Component\ColliderComponent">
      <UniqueIdentifier>{8c4b24e8-269c-4e08-b570-5b3b6f13061f}</UniqueIdentifier>
    </Filter>
    <Filter Include="5_Object\Component\ModelComponent">
      <UniqueIdentifier>{b957154e-9c51-4f20-b4ce-9d9f2cf28fda}</UniqueIdentifier>
    </Filter>
    <Filter Include="4_Resources\ResourceData\Model">
      <UniqueIdentifier>{07c0599b-cfe6-4df1-a258-a9334f4d9c71}</UniqueIdentifier>
    </Filter>
    <Filter Include="4_Resources\ResourceData\Material">
      <UniqueIdentifier>{25c097d7-7933-4066-b5b2-d1eb59e6af62}</UniqueIdentifier>
    </Filter>
    <Filter Include="0_Utility\MyImGui\Editor\ComponentEditor">
      <UniqueIdentifier>{6ba90df5-9c1b-49e5-ba87-9cf1604c1a6b}</UniqueIdentifier>
    </Filter>
    <Filter Include="4_Resources\ResourceData\Bone">
      <UniqueIdentifier>{9ed2f025-3a13-4e54-bb34-6ad67ce23dfa}</UniqueIdentifier>
    </Filter>
    <Filter Include="4_Resources\ResourceData\Vertex">
      <UniqueIdentifier>{ef7e8d08-e038-45b5-bead-6ad8adf6dfcf}</UniqueIdentifier>
    </Filter>
    <Filter Include="0_Utility\DOTween">
      <UniqueIdentifier>{589ca8af-b469-4e2b-9aac-923fd4476625}</UniqueIdentifier>
    </Filter>
    <Filter Include="2_System\Sound">
      <UniqueIdentifier>{4b554770-b28c-4f91-b6f9-bd872a40a1fb}</UniqueIdentifier>
    </Filter>
    <Filter Include="5_Object\Component\TextComponent">
      <UniqueIdentifier>{ecec973e-f736-4b7a-8416-f111cbd5cb07}</UniqueIdentifier>
    </Filter>
    <Filter Include="4_Resources\ResourceData\Font">
      <UniqueIdentifier>{76cc16ee-3d3a-45da-873f-6525ddb13fe7}</UniqueIdentifier>
    </Filter>
    <Filter Include="4_Resources\CSVLoader">
      <UniqueIdentifier>{8cfcf0f4-4127-4241-82c8-ac0c3888a5af}</UniqueIdentifier>
    </Filter>
  </ItemGroup>
  <ItemGroup>
    <ClInclude Include="WindowApp.h">
      <Filter>0_Utility\Window</Filter>
    </ClInclude>
    <ClInclude Include="pch.h">
      <Filter>pch</Filter>
    </ClInclude>
    <ClInclude Include="framework.h">
      <Filter>pch</Filter>
    </ClInclude>
    <ClInclude Include="Engine.h">
      <Filter>1_Engine</Filter>
    </ClInclude>
    <ClInclude Include="Console.h">
      <Filter>0_Utility\Window</Filter>
    </ClInclude>
    <ClInclude Include="DirectXInput.h">
      <Filter>2_System\Input</Filter>
    </ClInclude>
    <ClInclude Include="SingletonBase.h">
      <Filter>0_Utility\UtilityHeader</Filter>
    </ClInclude>
    <ClInclude Include="Helper.h">
      <Filter>0_Utility\UtilityHeader</Filter>
    </ClInclude>
    <ClInclude Include="StringHelper.h">
      <Filter>0_Utility\UtilityHeader</Filter>
    </ClInclude>
    <ClInclude Include="SafeExtinction.h">
      <Filter>0_Utility\UtilityHeader</Filter>
    </ClInclude>
    <ClInclude Include="Declare.h">
      <Filter>0_Utility</Filter>
    </ClInclude>
    <ClInclude Include="TimeSystem.h">
      <Filter>2_System\Time</Filter>
    </ClInclude>
    <ClInclude Include="SystemHeader.h">
      <Filter>2_System</Filter>
    </ClInclude>
    <ClInclude Include="Scene.h">
      <Filter>1_Engine\Scene</Filter>
    </ClInclude>
    <ClInclude Include="SceneManager.h">
      <Filter>1_Engine\Scene</Filter>
    </ClInclude>
    <ClInclude Include="FactorySystem.h">
      <Filter>1_Engine\Factory</Filter>
    </ClInclude>
    <ClInclude Include="UserImGui.h">
      <Filter>0_Utility\MyImGui</Filter>
    </ClInclude>
    <ClInclude Include="Editor.h">
      <Filter>0_Utility\MyImGui\BaseClass</Filter>
    </ClInclude>
    <ClInclude Include="EditorWindow.h">
      <Filter>0_Utility\MyImGui\BaseClass</Filter>
    </ClInclude>
    <ClInclude Include="InspectorWindow.h">
      <Filter>0_Utility\MyImGui\View</Filter>
    </ClInclude>
    <ClInclude Include="HierarchyWindow.h">
      <Filter>0_Utility\MyImGui\View</Filter>
    </ClInclude>
    <ClInclude Include="MeshInformationEditor.h">
      <Filter>0_Utility\MyImGui\Editor</Filter>
    </ClInclude>
    <ClInclude Include="MaterialInformationEditor.h">
      <Filter>0_Utility\MyImGui\Editor</Filter>
    </ClInclude>
    <ClInclude Include="TextureInformationEditor.h">
      <Filter>0_Utility\MyImGui\Editor</Filter>
    </ClInclude>
    <ClInclude Include="CameraInformationEditor.h">
      <Filter>0_Utility\MyImGui\Editor</Filter>
    </ClInclude>
    <ClInclude Include="FontManager.h">
      <Filter>3_Graphics\D2D</Filter>
    </ClInclude>
    <ClInclude Include="D2DClass.h">
      <Filter>3_Graphics\D2D</Filter>
    </ClInclude>
    <ClInclude Include="D3DClass.h">
      <Filter>3_Graphics\D3D</Filter>
    </ClInclude>
    <ClInclude Include="Renderer.h">
      <Filter>3_Graphics\Render</Filter>
    </ClInclude>
    <ClInclude Include="ConstantBuffer.h">
      <Filter>3_Graphics\GraphicsData\Buffer</Filter>
    </ClInclude>
    <ClInclude Include="ConstantBufferData.h">
      <Filter>3_Graphics\GraphicsData\Buffer</Filter>
    </ClInclude>
    <ClInclude Include="IndexBuffer.h">
      <Filter>3_Graphics\GraphicsData\Buffer</Filter>
    </ClInclude>
    <ClInclude Include="Shader.h">
      <Filter>3_Graphics\GraphicsData\Shader</Filter>
    </ClInclude>
    <ClInclude Include="SkyBox.h">
      <Filter>3_Graphics\GraphicsData\SkyBox</Filter>
    </ClInclude>
    <ClInclude Include="Viewport.h">
      <Filter>3_Graphics\GraphicsData\Viewport</Filter>
    </ClInclude>
    <ClInclude Include="ResourceSystem.h">
      <Filter>4_Resources</Filter>
    </ClInclude>
    <ClInclude Include="FBXLoader.h">
      <Filter>4_Resources\FBX</Filter>
    </ClInclude>
    <ClInclude Include="IResources.h">
      <Filter>4_Resources</Filter>
    </ClInclude>
    <ClInclude Include="Animation.h">
      <Filter>4_Resources\ResourceData\Animation</Filter>
    </ClInclude>
    <ClInclude Include="AnimationNode.h">
      <Filter>4_Resources\ResourceData\Animation</Filter>
    </ClInclude>
    <ClInclude Include="Mesh.h">
      <Filter>4_Resources\ResourceData\Mesh</Filter>
    </ClInclude>
    <ClInclude Include="SkeletalMesh.h">
      <Filter>4_Resources\ResourceData\Mesh</Filter>
    </ClInclude>
    <ClInclude Include="StaticMesh.h">
      <Filter>4_Resources\ResourceData\Mesh</Filter>
    </ClInclude>
    <ClInclude Include="AiNode.h">
      <Filter>4_Resources\ResourceData\Node</Filter>
    </ClInclude>
    <ClInclude Include="Texture.h">
      <Filter>4_Resources\ResourceData\Texture</Filter>
    </ClInclude>
    <ClInclude Include="InputLayout.h">
      <Filter>3_Graphics\GraphicsData\InputLayout</Filter>
    </ClInclude>
    <ClInclude Include="Object.h">
      <Filter>5_Object</Filter>
    </ClInclude>
    <ClInclude Include="Component.h">
      <Filter>5_Object\Component</Filter>
    </ClInclude>
    <ClInclude Include="CameraObject.h">
      <Filter>5_Object\Component\CameraCompoent</Filter>
    </ClInclude>
    <ClInclude Include="CameraCompoent.h">
      <Filter>5_Object\Component\CameraCompoent</Filter>
    </ClInclude>
    <ClInclude Include="Transform.h">
      <Filter>5_Object\Component\TransformComponet</Filter>
    </ClInclude>
    <ClInclude Include="TransformComponent.h">
      <Filter>5_Object\Component\TransformComponet</Filter>
    </ClInclude>
    <ClInclude Include="RenderComponent.h">
      <Filter>5_Object\Component\RenderComponent</Filter>
    </ClInclude>
    <ClInclude Include="Collider.h">
      <Filter>5_Object\Component\ColliderComponent</Filter>
    </ClInclude>
    <ClInclude Include="BoxCollider.h">
      <Filter>5_Object\Component\ColliderComponent</Filter>
    </ClInclude>
    <ClInclude Include="ModelComponent.h">
      <Filter>5_Object\Component\ModelComponent</Filter>
    </ClInclude>
    <ClInclude Include="Model.h">
      <Filter>4_Resources\ResourceData\Model</Filter>
    </ClInclude>
    <ClInclude Include="Material.h">
      <Filter>4_Resources\ResourceData\Material</Filter>
    </ClInclude>
    <ClInclude Include="IClick.h" />
    <ClInclude Include="IOnmouse.h" />
    <ClInclude Include="AnimationEditor.h">
      <Filter>0_Utility\MyImGui\Editor\ComponentEditor</Filter>
    </ClInclude>
    <ClInclude Include="Layer.h">
      <Filter>5_Object</Filter>
    </ClInclude>
    <ClInclude Include="SceneLoader.h">
      <Filter>4_Resources\SceneLoader</Filter>
    </ClInclude>
    <ClInclude Include="BoneInfo.h">
      <Filter>4_Resources\ResourceData\Bone</Filter>
    </ClInclude>
    <ClInclude Include="SkeletonInfo.h">
      <Filter>4_Resources\ResourceData\Bone</Filter>
    </ClInclude>
    <ClInclude Include="BoneReference.h">
      <Filter>4_Resources\ResourceData\Bone</Filter>
    </ClInclude>
    <ClInclude Include="BoneWeightVertex.h">
      <Filter>4_Resources\ResourceData\Bone</Filter>
    </ClInclude>
    <ClInclude Include="VertexBuffer.h">
      <Filter>3_Graphics\GraphicsData\Buffer</Filter>
    </ClInclude>
    <ClInclude Include="Vertex.h">
      <Filter>4_Resources\ResourceData\Vertex</Filter>
    </ClInclude>
    <ClInclude Include="TransformEditor.h">
      <Filter>0_Utility\MyImGui\Editor\ComponentEditor</Filter>
    </ClInclude>
    <ClInclude Include="DOTweenManager.h">
      <Filter>0_Utility\DOTween</Filter>
    </ClInclude>
    <ClInclude Include="DOTween.h">
      <Filter>0_Utility\DOTween</Filter>
    </ClInclude>
    <ClInclude Include="TextObject.h">
      <Filter>5_Object\Component\TextComponent</Filter>
    </ClInclude>
    <ClInclude Include="CSVLoader.h">
      <Filter>4_Resources\CSVLoader</Filter>
    </ClInclude>
    <ClInclude Include="csv.hpp">
      <Filter>4_Resources\CSVLoader</Filter>
    </ClInclude>
    <ClInclude Include="SoundSystem.h">
      <Filter>2_System\Sound</Filter>
    </ClInclude>
    <ClInclude Include="ShadowRenderer.h" />
    <ClInclude Include="D2DRenderComponent.h">
      <Filter>5_Object\Component\RenderComponent</Filter>
    </ClInclude>
    <ClInclude Include="D2DFont.h">
      <Filter>4_Resources\ResourceData\Font</Filter>
    </ClInclude>
  </ItemGroup>
  <ItemGroup>
    <ClCompile Include="WindowApp.cpp">
      <Filter>0_Utility\Window</Filter>
    </ClCompile>
    <ClCompile Include="pch.cpp">
      <Filter>pch</Filter>
    </ClCompile>
    <ClCompile Include="Engine.cpp">
      <Filter>1_Engine</Filter>
    </ClCompile>
    <ClCompile Include="Console.cpp">
      <Filter>0_Utility\Window</Filter>
    </ClCompile>
    <ClCompile Include="DirectXInput.cpp">
      <Filter>2_System\Input</Filter>
    </ClCompile>
    <ClCompile Include="TimeSystem.cpp">
      <Filter>2_System\Time</Filter>
    </ClCompile>
    <ClCompile Include="Scene.cpp">
      <Filter>1_Engine\Scene</Filter>
    </ClCompile>
    <ClCompile Include="SceneManager.cpp">
      <Filter>1_Engine\Scene</Filter>
    </ClCompile>
    <ClCompile Include="FactorySystem.cpp">
      <Filter>1_Engine\Factory</Filter>
    </ClCompile>
    <ClCompile Include="UserImGui.cpp">
      <Filter>0_Utility\MyImGui</Filter>
    </ClCompile>
    <ClCompile Include="Editor.cpp">
      <Filter>0_Utility\MyImGui\BaseClass</Filter>
    </ClCompile>
    <ClCompile Include="EditorWindow.cpp">
      <Filter>0_Utility\MyImGui\BaseClass</Filter>
    </ClCompile>
    <ClCompile Include="InspectorWindow.cpp">
      <Filter>0_Utility\MyImGui\View</Filter>
    </ClCompile>
    <ClCompile Include="HierarchyWindow.cpp">
      <Filter>0_Utility\MyImGui\View</Filter>
    </ClCompile>
    <ClCompile Include="MeshInformationEditor.cpp">
      <Filter>0_Utility\MyImGui\Editor</Filter>
    </ClCompile>
    <ClCompile Include="MaterialInformationEditor.cpp">
      <Filter>0_Utility\MyImGui\Editor</Filter>
    </ClCompile>
    <ClCompile Include="TextureInformationEditor.cpp">
      <Filter>0_Utility\MyImGui\Editor</Filter>
    </ClCompile>
    <ClCompile Include="CameraInformationEditor.cpp">
      <Filter>0_Utility\MyImGui\Editor</Filter>
    </ClCompile>
    <ClCompile Include="D2DClass.cpp">
      <Filter>3_Graphics\D2D</Filter>
    </ClCompile>
    <ClCompile Include="FontManager.cpp">
      <Filter>3_Graphics\D2D</Filter>
    </ClCompile>
    <ClCompile Include="D3DClass.cpp">
      <Filter>3_Graphics\D3D</Filter>
    </ClCompile>
    <ClCompile Include="Renderer.cpp">
      <Filter>3_Graphics\Render</Filter>
    </ClCompile>
    <ClCompile Include="ConstantBuffer.cpp">
      <Filter>3_Graphics\GraphicsData\Buffer</Filter>
    </ClCompile>
    <ClCompile Include="IndexBuffer.cpp">
      <Filter>3_Graphics\GraphicsData\Buffer</Filter>
    </ClCompile>
    <ClCompile Include="Shader.cpp">
      <Filter>3_Graphics\GraphicsData\Shader</Filter>
    </ClCompile>
    <ClCompile Include="SkyBox.cpp">
      <Filter>3_Graphics\GraphicsData\SkyBox</Filter>
    </ClCompile>
    <ClCompile Include="Viewport.cpp">
      <Filter>3_Graphics\GraphicsData\Viewport</Filter>
    </ClCompile>
    <ClCompile Include="ResourceSystem.cpp">
      <Filter>4_Resources</Filter>
    </ClCompile>
    <ClCompile Include="FBXLoader.cpp">
      <Filter>4_Resources\FBX</Filter>
    </ClCompile>
    <ClCompile Include="Animation.cpp">
      <Filter>4_Resources\ResourceData\Animation</Filter>
    </ClCompile>
    <ClCompile Include="AnimationNode.cpp">
      <Filter>4_Resources\ResourceData\Animation</Filter>
    </ClCompile>
    <ClCompile Include="Mesh.cpp">
      <Filter>4_Resources\ResourceData\Mesh</Filter>
    </ClCompile>
    <ClCompile Include="SkeletalMesh.cpp">
      <Filter>4_Resources\ResourceData\Mesh</Filter>
    </ClCompile>
    <ClCompile Include="StaticMesh.cpp">
      <Filter>4_Resources\ResourceData\Mesh</Filter>
    </ClCompile>
    <ClCompile Include="AiNode.cpp">
      <Filter>4_Resources\ResourceData\Node</Filter>
    </ClCompile>
    <ClCompile Include="Texture.cpp">
      <Filter>4_Resources\ResourceData\Texture</Filter>
    </ClCompile>
    <ClCompile Include="InputLayout.cpp">
      <Filter>3_Graphics\GraphicsData\InputLayout</Filter>
    </ClCompile>
    <ClCompile Include="Object.cpp">
      <Filter>5_Object</Filter>
    </ClCompile>
    <ClCompile Include="CameraObject.cpp">
      <Filter>5_Object\Component\CameraCompoent</Filter>
    </ClCompile>
    <ClCompile Include="CameraCompoent.cpp">
      <Filter>5_Object\Component\CameraCompoent</Filter>
    </ClCompile>
    <ClCompile Include="Transform.cpp">
      <Filter>5_Object\Component\TransformComponet</Filter>
    </ClCompile>
    <ClCompile Include="TransformComponent.cpp">
      <Filter>5_Object\Component\TransformComponet</Filter>
    </ClCompile>
    <ClCompile Include="RenderComponent.cpp">
      <Filter>5_Object\Component\RenderComponent</Filter>
    </ClCompile>
    <ClCompile Include="Collider.cpp">
      <Filter>5_Object\Component\ColliderComponent</Filter>
    </ClCompile>
    <ClCompile Include="BoxCollider.cpp">
      <Filter>5_Object\Component\ColliderComponent</Filter>
    </ClCompile>
    <ClCompile Include="ModelComponent.cpp">
      <Filter>5_Object\Component\ModelComponent</Filter>
    </ClCompile>
    <ClCompile Include="Model.cpp">
      <Filter>4_Resources\ResourceData\Model</Filter>
    </ClCompile>
    <ClCompile Include="Material.cpp">
      <Filter>4_Resources\ResourceData\Material</Filter>
    </ClCompile>
    <ClCompile Include="AnimationEditor.cpp">
      <Filter>0_Utility\MyImGui\Editor\ComponentEditor</Filter>
    </ClCompile>
    <ClCompile Include="Layer.cpp">
      <Filter>5_Object</Filter>
    </ClCompile>
    <ClCompile Include="SceneLoader.cpp">
      <Filter>4_Resources\SceneLoader</Filter>
    </ClCompile>
    <ClCompile Include="BoneInfo.cpp">
      <Filter>4_Resources\ResourceData\Bone</Filter>
    </ClCompile>
    <ClCompile Include="SkeletonInfo.cpp">
      <Filter>4_Resources\ResourceData\Bone</Filter>
    </ClCompile>
    <ClCompile Include="BoneReference.cpp">
      <Filter>4_Resources\ResourceData\Bone</Filter>
    </ClCompile>
    <ClCompile Include="BoneWeightVertex.cpp">
      <Filter>4_Resources\ResourceData\Bone</Filter>
    </ClCompile>
    <ClCompile Include="VertexBuffer.cpp">
      <Filter>3_Graphics\GraphicsData\Buffer</Filter>
    </ClCompile>
    <ClCompile Include="Vertex.cpp">
      <Filter>4_Resources\ResourceData\Vertex</Filter>
    </ClCompile>
    <ClCompile Include="TransformEditor.cpp">
      <Filter>0_Utility\MyImGui\Editor\ComponentEditor</Filter>
    </ClCompile>
    <ClCompile Include="DOTweenManager.cpp">
      <Filter>0_Utility\DOTween</Filter>
    </ClCompile>
    <ClCompile Include="DOTween.cpp">
      <Filter>0_Utility\DOTween</Filter>
    </ClCompile>
    <ClCompile Include="TextObject.cpp">
      <Filter>5_Object\Component\TextComponent</Filter>
    </ClCompile>
    <ClCompile Include="ConstantBufferData.cpp">
      <Filter>3_Graphics\GraphicsData\Buffer</Filter>
    </ClCompile>
    <ClCompile Include="SoundSystem.cpp">
      <Filter>2_System\Sound</Filter>
    </ClCompile>
    <ClCompile Include="ShadowRenderer.cpp" />
    <ClCompile Include="CSVLoader.cpp">
      <Filter>4_Resources\CSVLoader</Filter>
    </ClCompile>
    <ClCompile Include="D2DRenderComponent.cpp">
      <Filter>5_Object\Component\RenderComponent</Filter>
    </ClCompile>
    <ClCompile Include="D2DFont.cpp">
      <Filter>4_Resources\ResourceData\Font</Filter>
    </ClCompile>
  </ItemGroup>
  <ItemGroup>
    <None Include="ClassDiagram.cd">
      <Filter>99_ClassDiagram</Filter>
    </None>
    <None Include="..\4th_Project\Resource\Shaders\Header.hlsli">
      <Filter>리소스 파일</Filter>
    </None>
    <None Include="..\4th_Project\Resource\Shaders\SamplerHeader.hlsli">
      <Filter>리소스 파일\Header</Filter>
    </None>
    <None Include="..\4th_Project\Resource\Shaders\TextureHeader.hlsli">
      <Filter>리소스 파일\Header</Filter>
    </None>
    <None Include="..\4th_Project\Resource\Shaders\Helper.hlsli">
      <Filter>리소스 파일\Header</Filter>
    </None>
  </ItemGroup>
  <ItemGroup>
    <FxCompile Include="..\4th_Project\Resource\Shaders\PixelShaderPS.hlsl">
      <Filter>리소스 파일</Filter>
    </FxCompile>
    <FxCompile Include="..\4th_Project\Resource\Shaders\VertexShaderVS.hlsl">
      <Filter>리소스 파일</Filter>
    </FxCompile>
    <FxCompile Include="..\4th_Project\Resource\Shaders\SkyBoxVS.hlsl">
      <Filter>리소스 파일</Filter>
    </FxCompile>
    <FxCompile Include="..\4th_Project\Resource\Shaders\SkyBoxPS.hlsl">
      <Filter>리소스 파일</Filter>
    </FxCompile>
    <FxCompile Include="..\4th_Project\Resource\Shaders\ShadowVS.hlsl">
      <Filter>리소스 파일</Filter>
    </FxCompile>
  </ItemGroup>
  <ItemGroup>
    <Filter Include="리소스 파일">
      <UniqueIdentifier>{67DA6AB6-F800-4c08-8B7A-83BB121AAD01}</UniqueIdentifier>
      <Extensions>rc;ico;cur;bmp;dlg;rc2;rct;bin;rgs;gif;jpg;jpeg;jpe;resx;tiff;tif;png;wav;mfcribbon-ms</Extensions>
    </Filter>
    <Filter Include="1_Engine">
      <UniqueIdentifier>{17eacf66-cb79-4ca8-b1f6-37388639b4f8}</UniqueIdentifier>
    </Filter>
    <Filter Include="2_System">
      <UniqueIdentifier>{5e9bfd0b-7d80-41df-a7e1-596bb6a82334}</UniqueIdentifier>
    </Filter>
    <Filter Include="2_System\Input">
      <UniqueIdentifier>{87ed90ea-395d-4562-9f5b-4cb3313d7d0e}</UniqueIdentifier>
    </Filter>
    <Filter Include="99_ClassDiagram">
      <UniqueIdentifier>{14f17d26-715b-44d8-bad9-492f44410cd4}</UniqueIdentifier>
    </Filter>
    <Filter Include="2_System\Time">
      <UniqueIdentifier>{19c8583c-7b9e-435e-b89c-98ad821d678e}</UniqueIdentifier>
    </Filter>
    <Filter Include="pch">
      <UniqueIdentifier>{87545f9d-cb84-45f8-9539-8d582f28c070}</UniqueIdentifier>
    </Filter>
    <Filter Include="리소스 파일\Header">
      <UniqueIdentifier>{2f6ed2e1-c461-418b-ae34-5523a85363f4}</UniqueIdentifier>
    </Filter>
    <Filter Include="1_Engine\Scene">
      <UniqueIdentifier>{01d666e5-3dad-4a3f-92e5-ae7d52776c38}</UniqueIdentifier>
    </Filter>
    <Filter Include="1_Engine\Factory">
      <UniqueIdentifier>{d619fd5d-14ca-4b59-859a-42b6b936ba06}</UniqueIdentifier>
    </Filter>
    <Filter Include="0_Utility">
      <UniqueIdentifier>{8b2102bf-9ac7-48f9-a425-f72ab939ec75}</UniqueIdentifier>
    </Filter>
    <Filter Include="0_Utility\Window">
      <UniqueIdentifier>{933bf859-895a-4538-9f92-197aaee8fc95}</UniqueIdentifier>
    </Filter>
    <Filter Include="0_Utility\UtilityHeader">
      <UniqueIdentifier>{6f8ea7c2-2c06-483b-976d-e07e48fdcaaa}</UniqueIdentifier>
    </Filter>
    <Filter Include="0_Utility\MyImGui">
      <UniqueIdentifier>{7bb80b5c-adc3-40f2-be95-3775cdb0758e}</UniqueIdentifier>
    </Filter>
    <Filter Include="0_Utility\MyImGui\View">
      <UniqueIdentifier>{8c7e37d1-f83a-445f-89d4-89fc20af8adb}</UniqueIdentifier>
    </Filter>
    <Filter Include="0_Utility\MyImGui\BaseClass">
      <UniqueIdentifier>{1f1dcbf3-9e53-47cf-8eb2-bef0cf9522e7}</UniqueIdentifier>
    </Filter>
    <Filter Include="0_Utility\MyImGui\Editor">
      <UniqueIdentifier>{7a5f7204-ff02-481c-adbe-f365d09d03f6}</UniqueIdentifier>
    </Filter>
    <Filter Include="2_System\EventSystem">
      <UniqueIdentifier>{4773b1c7-a427-40cd-8b15-8658b0929612}</UniqueIdentifier>
    </Filter>
  </ItemGroup>
  <ItemGroup>
    <ClInclude Include="WindowApp.h">
      <Filter>0_Utility\Window</Filter>
    </ClInclude>
    <ClInclude Include="pch.h">
      <Filter>pch</Filter>
    </ClInclude>
    <ClInclude Include="framework.h">
      <Filter>pch</Filter>
    </ClInclude>
    <ClInclude Include="Engine.h">
      <Filter>1_Engine</Filter>
    </ClInclude>
    <ClInclude Include="Console.h">
      <Filter>0_Utility\Window</Filter>
    </ClInclude>
    <ClInclude Include="DirectXInput.h">
      <Filter>2_System\Input</Filter>
    </ClInclude>
    <ClInclude Include="SingletonBase.h">
      <Filter>0_Utility\UtilityHeader</Filter>
    </ClInclude>
    <ClInclude Include="Helper.h">
      <Filter>0_Utility\UtilityHeader</Filter>
    </ClInclude>
    <ClInclude Include="StringHelper.h">
      <Filter>0_Utility\UtilityHeader</Filter>
    </ClInclude>
    <ClInclude Include="SafeExtinction.h">
      <Filter>0_Utility\UtilityHeader</Filter>
    </ClInclude>
    <ClInclude Include="Declare.h">
      <Filter>0_Utility</Filter>
    </ClInclude>
    <ClInclude Include="TimeSystem.h">
      <Filter>2_System\Time</Filter>
    </ClInclude>
    <ClInclude Include="Scene.h">
      <Filter>1_Engine\Scene</Filter>
    </ClInclude>
    <ClInclude Include="SceneManager.h">
      <Filter>1_Engine\Scene</Filter>
    </ClInclude>
    <ClInclude Include="FactorySystem.h">
      <Filter>1_Engine\Factory</Filter>
    </ClInclude>
    <ClInclude Include="UserImGui.h">
      <Filter>0_Utility\MyImGui</Filter>
    </ClInclude>
    <ClInclude Include="Editor.h">
      <Filter>0_Utility\MyImGui\BaseClass</Filter>
    </ClInclude>
    <ClInclude Include="EditorWindow.h">
      <Filter>0_Utility\MyImGui\BaseClass</Filter>
    </ClInclude>
    <ClInclude Include="InspectorWindow.h">
      <Filter>0_Utility\MyImGui\View</Filter>
    </ClInclude>
    <ClInclude Include="HierarchyWindow.h">
      <Filter>0_Utility\MyImGui\View</Filter>
    </ClInclude>
    <ClInclude Include="TransformEditor.h">
      <Filter>0_Utility\MyImGui\Editor</Filter>
    </ClInclude>
    <ClInclude Include="MeshInformationEditor.h">
      <Filter>0_Utility\MyImGui\Editor</Filter>
    </ClInclude>
    <ClInclude Include="MaterialInformationEditor.h">
      <Filter>0_Utility\MyImGui\Editor</Filter>
    </ClInclude>
    <ClInclude Include="TextureInformationEditor.h">
      <Filter>0_Utility\MyImGui\Editor</Filter>
    </ClInclude>
    <ClInclude Include="SystemHeader.h">
      <Filter>2_System</Filter>
    </ClInclude>
    <ClInclude Include="EventSystem.h">
      <Filter>2_System\EventSystem</Filter>
    </ClInclude>
  </ItemGroup>
  <ItemGroup>
    <ClCompile Include="WindowApp.cpp">
      <Filter>0_Utility\Window</Filter>
    </ClCompile>
    <ClCompile Include="pch.cpp">
      <Filter>pch</Filter>
    </ClCompile>
    <ClCompile Include="Engine.cpp">
      <Filter>1_Engine</Filter>
    </ClCompile>
    <ClCompile Include="Console.cpp">
      <Filter>0_Utility\Window</Filter>
    </ClCompile>
    <ClCompile Include="DirectXInput.cpp">
      <Filter>2_System\Input</Filter>
    </ClCompile>
    <ClCompile Include="TimeSystem.cpp">
      <Filter>2_System\Time</Filter>
    </ClCompile>
    <ClCompile Include="Scene.cpp">
      <Filter>1_Engine\Scene</Filter>
    </ClCompile>
    <ClCompile Include="SceneManager.cpp">
      <Filter>1_Engine\Scene</Filter>
    </ClCompile>
    <ClCompile Include="FactorySystem.cpp">
      <Filter>1_Engine\Factory</Filter>
    </ClCompile>
    <ClCompile Include="UserImGui.cpp">
      <Filter>0_Utility\MyImGui</Filter>
    </ClCompile>
    <ClCompile Include="Editor.cpp">
      <Filter>0_Utility\MyImGui\BaseClass</Filter>
    </ClCompile>
    <ClCompile Include="EditorWindow.cpp">
      <Filter>0_Utility\MyImGui\BaseClass</Filter>
    </ClCompile>
    <ClCompile Include="InspectorWindow.cpp">
      <Filter>0_Utility\MyImGui\View</Filter>
    </ClCompile>
    <ClCompile Include="HierarchyWindow.cpp">
      <Filter>0_Utility\MyImGui\View</Filter>
    </ClCompile>
    <ClCompile Include="TransformEditor.cpp">
      <Filter>0_Utility\MyImGui\Editor</Filter>
    </ClCompile>
    <ClCompile Include="MeshInformationEditor.cpp">
      <Filter>0_Utility\MyImGui\Editor</Filter>
    </ClCompile>
    <ClCompile Include="MaterialInformationEditor.cpp">
      <Filter>0_Utility\MyImGui\Editor</Filter>
    </ClCompile>
    <ClCompile Include="TextureInformationEditor.cpp">
      <Filter>0_Utility\MyImGui\Editor</Filter>
    </ClCompile>
    <ClCompile Include="EventSystem.cpp">
      <Filter>2_System\EventSystem</Filter>
    </ClCompile>
  </ItemGroup>
  <ItemGroup>
    <None Include="ClassDiagram.cd">
      <Filter>99_ClassDiagram</Filter>
    </None>
    <None Include="..\4th_Project\Resource\Shaders\Header.hlsli">
      <Filter>리소스 파일</Filter>
    </None>
    <None Include="..\4th_Project\Resource\Shaders\SamplerHeader.hlsli">
      <Filter>리소스 파일\Header</Filter>
    </None>
    <None Include="..\4th_Project\Resource\Shaders\TextureHeader.hlsli">
      <Filter>리소스 파일\Header</Filter>
    </None>
  </ItemGroup>
  <ItemGroup>
    <FxCompile Include="..\4th_Project\Resource\Shaders\VertexShaderVS.hlsl">
      <Filter>리소스 파일</Filter>
    </FxCompile>
    <FxCompile Include="..\4th_Project\Resource\Shaders\PixelShaderPS.hlsl">
      <Filter>리소스 파일</Filter>
    </FxCompile>
  </ItemGroup>
</Project>