<?xml version="1.0" encoding="utf-8"?>
<Project ToolsVersion="4.0" xmlns="http://schemas.microsoft.com/developer/msbuild/2003">
  <ItemGroup>
    <Filter Include="ImGui">
      <UniqueIdentifier>{0997b3b3-3dc1-4348-8321-d0946145c934}</UniqueIdentifier>
    </Filter>
    <Filter Include="pch">
      <UniqueIdentifier>{4ac44cc9-c61b-4922-87dc-ac81dc51f746}</UniqueIdentifier>
    </Filter>
    <Filter Include="pch\dummy">
      <UniqueIdentifier>{e53b9d91-0924-4837-aa8d-f572959a13ce}</UniqueIdentifier>
    </Filter>
  </ItemGroup>
  <ItemGroup>
    <ClInclude Include="pch.h">
      <Filter>pch</Filter>
    </ClInclude>
    <ClInclude Include="framework.h">
      <Filter>pch\dummy</Filter>
    </ClInclude>
    <ClInclude Include="UserImGui.h">
      <Filter>ImGui</Filter>
    </ClInclude>
  </ItemGroup>
  <ItemGroup>
    <ClCompile Include="UserImGui.cpp">
      <Filter>ImGui</Filter>
    </ClCompile>
    <ClCompile Include="pch.cpp">
      <Filter>pch</Filter>
    </ClCompile>
    <ClCompile Include="Editor.cpp">
      <Filter>pch\dummy</Filter>
    </ClCompile>
  </ItemGroup>
</Project>