<?xml version="1.0" encoding="utf-8"?>
<Project ToolsVersion="4.0" xmlns="http://schemas.microsoft.com/developer/msbuild/2003">
  <ItemGroup>
    <Filter Include="소스 파일">
      <UniqueIdentifier>{4FC737F1-C7A5-4376-A066-2A32D752A2FF}</UniqueIdentifier>
      <Extensions>cpp;c;cc;cxx;c++;cppm;ixx;def;odl;idl;hpj;bat;asm;asmx</Extensions>
    </Filter>
    <Filter Include="헤더 파일">
      <UniqueIdentifier>{93995380-89BD-4b04-88EB-625FBE52EBFB}</UniqueIdentifier>
      <Extensions>h;hh;hpp;hxx;h++;hm;inl;inc;ipp;xsd</Extensions>
    </Filter>
    <Filter Include="Client">
      <UniqueIdentifier>{c6ae3d52-7779-4a7d-874f-924db992f624}</UniqueIdentifier>
    </Filter>
    <Filter Include="pch">
      <UniqueIdentifier>{c50ccf38-40fb-4868-959d-dd16d48c3c3c}</UniqueIdentifier>
    </Filter>
    <Filter Include="Obj">
      <UniqueIdentifier>{e884c4df-1b63-4b23-afd6-00e2a4bc6ecf}</UniqueIdentifier>
    </Filter>
  </ItemGroup>
  <ItemGroup>
    <ClCompile Include="main.cpp">
      <Filter>소스 파일</Filter>
    </ClCompile>
    <ClCompile Include="ClientApp.cpp">
      <Filter>Client</Filter>
    </ClCompile>
    <ClCompile Include="KangScene.cpp">
      <Filter>Client</Filter>
    </ClCompile>
    <ClCompile Include="AnimationObj.cpp">
      <Filter>Obj</Filter>
    </ClCompile>
    <ClCompile Include="BaseObj.cpp">
      <Filter>Obj</Filter>
    </ClCompile>
    <ClCompile Include="D2DTestObj.cpp">
      <Filter>Obj</Filter>
    </ClCompile>
    <ClCompile Include="pch.cpp">
      <Filter>헤더 파일</Filter>
    </ClCompile>
  </ItemGroup>
  <ItemGroup>
    <ClInclude Include="ClientApp.h">
      <Filter>Client</Filter>
    </ClInclude>
    <ClInclude Include="pch.h">
      <Filter>pch</Filter>
    </ClInclude>
    <ClInclude Include="KangScene.h">
      <Filter>Client</Filter>
    </ClInclude>
    <ClInclude Include="AnimationObj.h">
      <Filter>Obj</Filter>
    </ClInclude>
    <ClInclude Include="BaseObj.h">
      <Filter>Obj</Filter>
    </ClInclude>
    <ClInclude Include="D2DTestObj.h">
      <Filter>Obj</Filter>
    </ClInclude>
  </ItemGroup>
</Project>